
Microsoft Visual Studio Solution File, Format Version 12.00
# Visual Studio Version 17
VisualStudioVersion = 17.4.33213.308
MinimumVisualStudioVersion = 10.0.40219.1
Project("{FAE04EC0-301F-11D3-BF4B-00C04F79EFBC}") = "Calculator_JEMF.Android", "Calculator_JEMF.Android\Calculator_JEMF.Android.csproj", "{9C3857C5-61F7-4ABD-A6AB-71DA2319F18D}"
EndProject
Project("{FAE04EC0-301F-11D3-BF4B-00C04F79EFBC}") = "Calculator_JEMF.iOS", "Calculator_JEMF.iOS\Calculator_JEMF.iOS.csproj", "{6BEBFA34-07A9-465A-B1DA-E451C1AC2737}"
EndProject
Project("{FAE04EC0-301F-11D3-BF4B-00C04F79EFBC}") = "Calculator_JEMF", "Calculator_JEMF\Calculator_JEMF.csproj", "{B4381193-D756-4AC5-B26F-84BAD8256295}"
EndProject
Global
	GlobalSection(SolutionConfigurationPlatforms) = preSolution
		Debug|Any CPU = Debug|Any CPU
		Debug|iPhone = Debug|iPhone
		Debug|iPhoneSimulator = Debug|iPhoneSimulator
		Release|Any CPU = Release|Any CPU
		Release|iPhone = Release|iPhone
		Release|iPhoneSimulator = Release|iPhoneSimulator
	EndGlobalSection
	GlobalSection(ProjectConfigurationPlatforms) = postSolution
		{9C3857C5-61F7-4ABD-A6AB-71DA2319F18D}.Debug|Any CPU.ActiveCfg = Debug|Any CPU
		{9C3857C5-61F7-4ABD-A6AB-71DA2319F18D}.Debug|Any CPU.Build.0 = Debug|Any CPU
		{9C3857C5-61F7-4ABD-A6AB-71DA2319F18D}.Debug|Any CPU.Deploy.0 = Debug|Any CPU
		{9C3857C5-61F7-4ABD-A6AB-71DA2319F18D}.Debug|iPhone.ActiveCfg = Debug|Any CPU
		{9C3857C5-61F7-4ABD-A6AB-71DA2319F18D}.Debug|iPhone.Build.0 = Debug|Any CPU
		{9C3857C5-61F7-4ABD-A6AB-71DA2319F18D}.Debug|iPhone.Deploy.0 = Debug|Any CPU
		{9C3857C5-61F7-4ABD-A6AB-71DA2319F18D}.Debug|iPhoneSimulator.ActiveCfg = Debug|Any CPU
		{9C3857C5-61F7-4ABD-A6AB-71DA2319F18D}.Debug|iPhoneSimulator.Build.0 = Debug|Any CPU
		{9C3857C5-61F7-4ABD-A6AB-71DA2319F18D}.Debug|iPhoneSimulator.Deploy.0 = Debug|Any CPU
		{9C3857C5-61F7-4ABD-A6AB-71DA2319F18D}.Release|Any CPU.ActiveCfg = Release|Any CPU
		{9C3857C5-61F7-4ABD-A6AB-71DA2319F18D}.Release|Any CPU.Build.0 = Release|Any CPU
		{9C3857C5-61F7-4ABD-A6AB-71DA2319F18D}.Release|Any CPU.Deploy.0 = Release|Any CPU
		{9C3857C5-61F7-4ABD-A6AB-71DA2319F18D}.Release|iPhone.ActiveCfg = Release|Any CPU
		{9C3857C5-61F7-4ABD-A6AB-71DA2319F18D}.Release|iPhone.Build.0 = Release|Any CPU
		{9C3857C5-61F7-4ABD-A6AB-71DA2319F18D}.Release|iPhone.Deploy.0 = Release|Any CPU
		{9C3857C5-61F7-4ABD-A6AB-71DA2319F18D}.Release|iPhoneSimulator.ActiveCfg = Release|Any CPU
		{9C3857C5-61F7-4ABD-A6AB-71DA2319F18D}.Release|iPhoneSimulator.Build.0 = Release|Any CPU
		{9C3857C5-61F7-4ABD-A6AB-71DA2319F18D}.Release|iPhoneSimulator.Deploy.0 = Release|Any CPU
		{6BEBFA34-07A9-465A-B1DA-E451C1AC2737}.Debug|Any CPU.ActiveCfg = Debug|iPhone
		{6BEBFA34-07A9-465A-B1DA-E451C1AC2737}.Debug|Any CPU.Build.0 = Debug|iPhone
		{6BEBFA34-07A9-465A-B1DA-E451C1AC2737}.Debug|Any CPU.Deploy.0 = Debug|iPhone
		{6BEBFA34-07A9-465A-B1DA-E451C1AC2737}.Debug|iPhone.ActiveCfg = Debug|iPhone
		{6BEBFA34-07A9-465A-B1DA-E451C1AC2737}.Debug|iPhone.Build.0 = Debug|iPhone
		{6BEBFA34-07A9-465A-B1DA-E451C1AC2737}.Debug|iPhone.Deploy.0 = Debug|iPhone
		{6BEBFA34-07A9-465A-B1DA-E451C1AC2737}.Debug|iPhoneSimulator.ActiveCfg = Debug|iPhoneSimulator
		{6BEBFA34-07A9-465A-B1DA-E451C1AC2737}.Debug|iPhoneSimulator.Build.0 = Debug|iPhoneSimulator
		{6BEBFA34-07A9-465A-B1DA-E451C1AC2737}.Debug|iPhoneSimulator.Deploy.0 = Debug|iPhoneSimulator
		{6BEBFA34-07A9-465A-B1DA-E451C1AC2737}.Release|Any CPU.ActiveCfg = Release|iPhoneSimulator
		{6BEBFA34-07A9-465A-B1DA-E451C1AC2737}.Release|Any CPU.Build.0 = Release|iPhoneSimulator
		{6BEBFA34-07A9-465A-B1DA-E451C1AC2737}.Release|Any CPU.Deploy.0 = Release|iPhoneSimulator
		{6BEBFA34-07A9-465A-B1DA-E451C1AC2737}.Release|iPhone.ActiveCfg = Release|iPhone
		{6BEBFA34-07A9-465A-B1DA-E451C1AC2737}.Release|iPhone.Build.0 = Release|iPhone
		{6BEBFA34-07A9-465A-B1DA-E451C1AC2737}.Release|iPhone.Deploy.0 = Release|iPhone
		{6BEBFA34-07A9-465A-B1DA-E451C1AC2737}.Release|iPhoneSimulator.ActiveCfg = Release|iPhoneSimulator
		{6BEBFA34-07A9-465A-B1DA-E451C1AC2737}.Release|iPhoneSimulator.Build.0 = Release|iPhoneSimulator
		{6BEBFA34-07A9-465A-B1DA-E451C1AC2737}.Release|iPhoneSimulator.Deploy.0 = Release|iPhoneSimulator
		{B4381193-D756-4AC5-B26F-84BAD8256295}.Debug|Any CPU.ActiveCfg = Debug|Any CPU
		{B4381193-D756-4AC5-B26F-84BAD8256295}.Debug|Any CPU.Build.0 = Debug|Any CPU
		{B4381193-D756-4AC5-B26F-84BAD8256295}.Debug|Any CPU.Deploy.0 = Debug|Any CPU
		{B4381193-D756-4AC5-B26F-84BAD8256295}.Debug|iPhone.ActiveCfg = Debug|Any CPU
		{B4381193-D756-4AC5-B26F-84BAD8256295}.Debug|iPhone.Build.0 = Debug|Any CPU
		{B4381193-D756-4AC5-B26F-84BAD8256295}.Debug|iPhone.Deploy.0 = Debug|Any CPU
		{B4381193-D756-4AC5-B26F-84BAD8256295}.Debug|iPhoneSimulator.ActiveCfg = Debug|Any CPU
		{B4381193-D756-4AC5-B26F-84BAD8256295}.Debug|iPhoneSimulator.Build.0 = Debug|Any CPU
		{B4381193-D756-4AC5-B26F-84BAD8256295}.Debug|iPhoneSimulator.Deploy.0 = Debug|Any CPU
		{B4381193-D756-4AC5-B26F-84BAD8256295}.Release|Any CPU.ActiveCfg = Release|Any CPU
		{B4381193-D756-4AC5-B26F-84BAD8256295}.Release|Any CPU.Build.0 = Release|Any CPU
		{B4381193-D756-4AC5-B26F-84BAD8256295}.Release|Any CPU.Deploy.0 = Release|Any CPU
		{B4381193-D756-4AC5-B26F-84BAD8256295}.Release|iPhone.ActiveCfg = Release|Any CPU
		{B4381193-D756-4AC5-B26F-84BAD8256295}.Release|iPhone.Build.0 = Release|Any CPU
		{B4381193-D756-4AC5-B26F-84BAD8256295}.Release|iPhone.Deploy.0 = Release|Any CPU
		{B4381193-D756-4AC5-B26F-84BAD8256295}.Release|iPhoneSimulator.ActiveCfg = Release|Any CPU
		{B4381193-D756-4AC5-B26F-84BAD8256295}.Release|iPhoneSimulator.Build.0 = Release|Any CPU
		{B4381193-D756-4AC5-B26F-84BAD8256295}.Release|iPhoneSimulator.Deploy.0 = Release|Any CPU
	EndGlobalSection
	GlobalSection(SolutionProperties) = preSolution
		HideSolutionNode = FALSE
	EndGlobalSection
	GlobalSection(ExtensibilityGlobals) = postSolution
		SolutionGuid = {6F55ECA1-EACE-49A6-9777-13CB3791919C}
	EndGlobalSection
EndGlobal
